// !$*UTF8*$!
{
	archiveVersion = 1;
	classes = {
	};
	objectVersion = 50;
	objects = {

/* Begin PBXBuildFile section */
		B4A2F301265BF89600542B8A /* AppDelegate.swift in Sources */ = {isa = PBXBuildFile; fileRef = B4A2F300265BF89600542B8A /* AppDelegate.swift */; };
		B4A2F303265BF89600542B8A /* SceneDelegate.swift in Sources */ = {isa = PBXBuildFile; fileRef = B4A2F302265BF89600542B8A /* SceneDelegate.swift */; };
		B4A2F305265BF89600542B8A /* ViewController.swift in Sources */ = {isa = PBXBuildFile; fileRef = B4A2F304265BF89600542B8A /* ViewController.swift */; };
		B4A2F308265BF89600542B8A /* Main.storyboard in Resources */ = {isa = PBXBuildFile; fileRef = B4A2F306265BF89600542B8A /* Main.storyboard */; };
		B4A2F30A265BF89900542B8A /* Assets.xcassets in Resources */ = {isa = PBXBuildFile; fileRef = B4A2F309265BF89900542B8A /* Assets.xcassets */; };
		B4A2F30D265BF89900542B8A /* LaunchScreen.storyboard in Resources */ = {isa = PBXBuildFile; fileRef = B4A2F30B265BF89900542B8A /* LaunchScreen.storyboard */; };
		B4A2F318265BF89900542B8A /* MyPizzariaAppTests.swift in Sources */ = {isa = PBXBuildFile; fileRef = B4A2F317265BF89900542B8A /* MyPizzariaAppTests.swift */; };
		B4A2F323265BF89A00542B8A /* MyPizzariaAppUITests.swift in Sources */ = {isa = PBXBuildFile; fileRef = B4A2F322265BF89A00542B8A /* MyPizzariaAppUITests.swift */; };
		B4ADE769265C038C009B11EA /* listaPizza.swift in Sources */ = {isa = PBXBuildFile; fileRef = B4ADE768265C038C009B11EA /* listaPizza.swift */; };
		B4ADE76F265C0BA3009B11EA /* pizzaSelecionada.swift in Sources */ = {isa = PBXBuildFile; fileRef = B4ADE76E265C0BA3009B11EA /* pizzaSelecionada.swift */; };
		B4ADE771265C1166009B11EA /* checkoutPizza.swift in Sources */ = {isa = PBXBuildFile; fileRef = B4ADE770265C1166009B11EA /* checkoutPizza.swift */; };
		B4BC55DA265C523E0035DB13 /* pizzaCell.swift in Sources */ = {isa = PBXBuildFile; fileRef = B4BC55D8265C523E0035DB13 /* pizzaCell.swift */; };
		B4BC55DB265C523E0035DB13 /* pizzaCell.xib in Resources */ = {isa = PBXBuildFile; fileRef = B4BC55D9265C523E0035DB13 /* pizzaCell.xib */; };
/* End PBXBuildFile section */

/* Begin PBXContainerItemProxy section */
		B4A2F314265BF89900542B8A /* PBXContainerItemProxy */ = {
			isa = PBXContainerItemProxy;
			containerPortal = B4A2F2F5265BF89600542B8A /* Project object */;
			proxyType = 1;
			remoteGlobalIDString = B4A2F2FC265BF89600542B8A;
			remoteInfo = MyPizzariaApp;
		};
		B4A2F31F265BF89A00542B8A /* PBXContainerItemProxy */ = {
			isa = PBXContainerItemProxy;
			containerPortal = B4A2F2F5265BF89600542B8A /* Project object */;
			proxyType = 1;
			remoteGlobalIDString = B4A2F2FC265BF89600542B8A;
			remoteInfo = MyPizzariaApp;
		};
/* End PBXContainerItemProxy section */

/* Begin PBXFileReference section */
		B4A2F2FD265BF89600542B8A /* MyPizzariaApp.app */ = {isa = PBXFileReference; explicitFileType = wrapper.application; includeInIndex = 0; path = MyPizzariaApp.app; sourceTree = BUILT_PRODUCTS_DIR; };
		B4A2F300265BF89600542B8A /* AppDelegate.swift */ = {isa = PBXFileReference; lastKnownFileType = sourcecode.swift; path = AppDelegate.swift; sourceTree = "<group>"; };
		B4A2F302265BF89600542B8A /* SceneDelegate.swift */ = {isa = PBXFileReference; lastKnownFileType = sourcecode.swift; path = SceneDelegate.swift; sourceTree = "<group>"; };
		B4A2F304265BF89600542B8A /* ViewController.swift */ = {isa = PBXFileReference; lastKnownFileType = sourcecode.swift; path = ViewController.swift; sourceTree = "<group>"; };
		B4A2F307265BF89600542B8A /* Base */ = {isa = PBXFileReference; lastKnownFileType = file.storyboard; name = Base; path = Base.lproj/Main.storyboard; sourceTree = "<group>"; };
		B4A2F309265BF89900542B8A /* Assets.xcassets */ = {isa = PBXFileReference; lastKnownFileType = folder.assetcatalog; path = Assets.xcassets; sourceTree = "<group>"; };
		B4A2F30C265BF89900542B8A /* Base */ = {isa = PBXFileReference; lastKnownFileType = file.storyboard; name = Base; path = Base.lproj/LaunchScreen.storyboard; sourceTree = "<group>"; };
		B4A2F30E265BF89900542B8A /* Info.plist */ = {isa = PBXFileReference; lastKnownFileType = text.plist.xml; path = Info.plist; sourceTree = "<group>"; };
		B4A2F313265BF89900542B8A /* MyPizzariaAppTests.xctest */ = {isa = PBXFileReference; explicitFileType = wrapper.cfbundle; includeInIndex = 0; path = MyPizzariaAppTests.xctest; sourceTree = BUILT_PRODUCTS_DIR; };
		B4A2F317265BF89900542B8A /* MyPizzariaAppTests.swift */ = {isa = PBXFileReference; lastKnownFileType = sourcecode.swift; path = MyPizzariaAppTests.swift; sourceTree = "<group>"; };
		B4A2F319265BF89900542B8A /* Info.plist */ = {isa = PBXFileReference; lastKnownFileType = text.plist.xml; path = Info.plist; sourceTree = "<group>"; };
		B4A2F31E265BF89A00542B8A /* MyPizzariaAppUITests.xctest */ = {isa = PBXFileReference; explicitFileType = wrapper.cfbundle; includeInIndex = 0; path = MyPizzariaAppUITests.xctest; sourceTree = BUILT_PRODUCTS_DIR; };
		B4A2F322265BF89A00542B8A /* MyPizzariaAppUITests.swift */ = {isa = PBXFileReference; lastKnownFileType = sourcecode.swift; path = MyPizzariaAppUITests.swift; sourceTree = "<group>"; };
		B4A2F324265BF89A00542B8A /* Info.plist */ = {isa = PBXFileReference; lastKnownFileType = text.plist.xml; path = Info.plist; sourceTree = "<group>"; };
		B4ADE768265C038C009B11EA /* listaPizza.swift */ = {isa = PBXFileReference; lastKnownFileType = sourcecode.swift; path = listaPizza.swift; sourceTree = "<group>"; };
		B4ADE76E265C0BA3009B11EA /* pizzaSelecionada.swift */ = {isa = PBXFileReference; lastKnownFileType = sourcecode.swift; path = pizzaSelecionada.swift; sourceTree = "<group>"; };
		B4ADE770265C1166009B11EA /* checkoutPizza.swift */ = {isa = PBXFileReference; lastKnownFileType = sourcecode.swift; path = checkoutPizza.swift; sourceTree = "<group>"; };
		B4BC55D8265C523E0035DB13 /* pizzaCell.swift */ = {isa = PBXFileReference; lastKnownFileType = sourcecode.swift; path = pizzaCell.swift; sourceTree = "<group>"; };
		B4BC55D9265C523E0035DB13 /* pizzaCell.xib */ = {isa = PBXFileReference; lastKnownFileType = file.xib; path = pizzaCell.xib; sourceTree = "<group>"; };
/* End PBXFileReference section */

/* Begin PBXFrameworksBuildPhase section */
		B4A2F2FA265BF89600542B8A /* Frameworks */ = {
			isa = PBXFrameworksBuildPhase;
			buildActionMask = 2147483647;
			files = (
			);
			runOnlyForDeploymentPostprocessing = 0;
		};
		B4A2F310265BF89900542B8A /* Frameworks */ = {
			isa = PBXFrameworksBuildPhase;
			buildActionMask = 2147483647;
			files = (
			);
			runOnlyForDeploymentPostprocessing = 0;
		};
		B4A2F31B265BF89900542B8A /* Frameworks */ = {
			isa = PBXFrameworksBuildPhase;
			buildActionMask = 2147483647;
			files = (
			);
			runOnlyForDeploymentPostprocessing = 0;
		};
/* End PBXFrameworksBuildPhase section */

/* Begin PBXGroup section */
		B4A2F2F4265BF89600542B8A = {
			isa = PBXGroup;
			children = (
				B4A2F2FF265BF89600542B8A /* MyPizzariaApp */,
				B4A2F316265BF89900542B8A /* MyPizzariaAppTests */,
				B4A2F321265BF89A00542B8A /* MyPizzariaAppUITests */,
				B4A2F2FE265BF89600542B8A /* Products */,
			);
			sourceTree = "<group>";
		};
		B4A2F2FE265BF89600542B8A /* Products */ = {
			isa = PBXGroup;
			children = (
				B4A2F2FD265BF89600542B8A /* MyPizzariaApp.app */,
				B4A2F313265BF89900542B8A /* MyPizzariaAppTests.xctest */,
				B4A2F31E265BF89A00542B8A /* MyPizzariaAppUITests.xctest */,
			);
			name = Products;
			sourceTree = "<group>";
		};
		B4A2F2FF265BF89600542B8A /* MyPizzariaApp */ = {
			isa = PBXGroup;
			children = (
				B4A2F300265BF89600542B8A /* AppDelegate.swift */,
				B4A2F302265BF89600542B8A /* SceneDelegate.swift */,
				B4A2F304265BF89600542B8A /* ViewController.swift */,
				B4A2F306265BF89600542B8A /* Main.storyboard */,
				B4ADE770265C1166009B11EA /* checkoutPizza.swift */,
				B4ADE76E265C0BA3009B11EA /* pizzaSelecionada.swift */,
				B4ADE768265C038C009B11EA /* listaPizza.swift */,
				B4BC55D8265C523E0035DB13 /* pizzaCell.swift */,
				B4BC55D9265C523E0035DB13 /* pizzaCell.xib */,
				B4A2F309265BF89900542B8A /* Assets.xcassets */,
				B4A2F30B265BF89900542B8A /* LaunchScreen.storyboard */,
				B4A2F30E265BF89900542B8A /* Info.plist */,
			);
			path = MyPizzariaApp;
			sourceTree = "<group>";
		};
		B4A2F316265BF89900542B8A /* MyPizzariaAppTests */ = {
			isa = PBXGroup;
			children = (
				B4A2F317265BF89900542B8A /* MyPizzariaAppTests.swift */,
				B4A2F319265BF89900542B8A /* Info.plist */,
			);
			path = MyPizzariaAppTests;
			sourceTree = "<group>";
		};
		B4A2F321265BF89A00542B8A /* MyPizzariaAppUITests */ = {
			isa = PBXGroup;
			children = (
				B4A2F322265BF89A00542B8A /* MyPizzariaAppUITests.swift */,
				B4A2F324265BF89A00542B8A /* Info.plist */,
			);
			path = MyPizzariaAppUITests;
			sourceTree = "<group>";
		};
/* End PBXGroup section */

/* Begin PBXNativeTarget section */
		B4A2F2FC265BF89600542B8A /* MyPizzariaApp */ = {
			isa = PBXNativeTarget;
			buildConfigurationList = B4A2F327265BF89A00542B8A /* Build configuration list for PBXNativeTarget "MyPizzariaApp" */;
			buildPhases = (
				B4A2F2F9265BF89600542B8A /* Sources */,
				B4A2F2FA265BF89600542B8A /* Frameworks */,
				B4A2F2FB265BF89600542B8A /* Resources */,
			);
			buildRules = (
			);
			dependencies = (
			);
			name = MyPizzariaApp;
			productName = MyPizzariaApp;
			productReference = B4A2F2FD265BF89600542B8A /* MyPizzariaApp.app */;
			productType = "com.apple.product-type.application";
		};
		B4A2F312265BF89900542B8A /* MyPizzariaAppTests */ = {
			isa = PBXNativeTarget;
			buildConfigurationList = B4A2F32A265BF89A00542B8A /* Build configuration list for PBXNativeTarget "MyPizzariaAppTests" */;
			buildPhases = (
				B4A2F30F265BF89900542B8A /* Sources */,
				B4A2F310265BF89900542B8A /* Frameworks */,
				B4A2F311265BF89900542B8A /* Resources */,
			);
			buildRules = (
			);
			dependencies = (
				B4A2F315265BF89900542B8A /* PBXTargetDependency */,
			);
			name = MyPizzariaAppTests;
			productName = MyPizzariaAppTests;
			productReference = B4A2F313265BF89900542B8A /* MyPizzariaAppTests.xctest */;
			productType = "com.apple.product-type.bundle.unit-test";
		};
		B4A2F31D265BF89900542B8A /* MyPizzariaAppUITests */ = {
			isa = PBXNativeTarget;
			buildConfigurationList = B4A2F32D265BF89A00542B8A /* Build configuration list for PBXNativeTarget "MyPizzariaAppUITests" */;
			buildPhases = (
				B4A2F31A265BF89900542B8A /* Sources */,
				B4A2F31B265BF89900542B8A /* Frameworks */,
				B4A2F31C265BF89900542B8A /* Resources */,
			);
			buildRules = (
			);
			dependencies = (
				B4A2F320265BF89A00542B8A /* PBXTargetDependency */,
			);
			name = MyPizzariaAppUITests;
			productName = MyPizzariaAppUITests;
			productReference = B4A2F31E265BF89A00542B8A /* MyPizzariaAppUITests.xctest */;
			productType = "com.apple.product-type.bundle.ui-testing";
		};
/* End PBXNativeTarget section */

/* Begin PBXProject section */
		B4A2F2F5265BF89600542B8A /* Project object */ = {
			isa = PBXProject;
			attributes = {
				LastSwiftUpdateCheck = 1250;
				LastUpgradeCheck = 1250;
				TargetAttributes = {
					B4A2F2FC265BF89600542B8A = {
						CreatedOnToolsVersion = 12.5;
					};
					B4A2F312265BF89900542B8A = {
						CreatedOnToolsVersion = 12.5;
						TestTargetID = B4A2F2FC265BF89600542B8A;
					};
					B4A2F31D265BF89900542B8A = {
						CreatedOnToolsVersion = 12.5;
						TestTargetID = B4A2F2FC265BF89600542B8A;
					};
				};
			};
			buildConfigurationList = B4A2F2F8265BF89600542B8A /* Build configuration list for PBXProject "MyPizzariaApp" */;
			compatibilityVersion = "Xcode 9.3";
			developmentRegion = en;
			hasScannedForEncodings = 0;
			knownRegions = (
				en,
				Base,
			);
			mainGroup = B4A2F2F4265BF89600542B8A;
			productRefGroup = B4A2F2FE265BF89600542B8A /* Products */;
			projectDirPath = "";
			projectRoot = "";
			targets = (
				B4A2F2FC265BF89600542B8A /* MyPizzariaApp */,
				B4A2F312265BF89900542B8A /* MyPizzariaAppTests */,
				B4A2F31D265BF89900542B8A /* MyPizzariaAppUITests */,
			);
		};
/* End PBXProject section */

/* Begin PBXResourcesBuildPhase section */
		B4A2F2FB265BF89600542B8A /* Resources */ = {
			isa = PBXResourcesBuildPhase;
			buildActionMask = 2147483647;
			files = (
				B4BC55DB265C523E0035DB13 /* pizzaCell.xib in Resources */,
				B4A2F30D265BF89900542B8A /* LaunchScreen.storyboard in Resources */,
				B4A2F30A265BF89900542B8A /* Assets.xcassets in Resources */,
				B4A2F308265BF89600542B8A /* Main.storyboard in Resources */,
			);
			runOnlyForDeploymentPostprocessing = 0;
		};
		B4A2F311265BF89900542B8A /* Resources */ = {
			isa = PBXResourcesBuildPhase;
			buildActionMask = 2147483647;
			files = (
			);
			runOnlyForDeploymentPostprocessing = 0;
		};
		B4A2F31C265BF89900542B8A /* Resources */ = {
			isa = PBXResourcesBuildPhase;
			buildActionMask = 2147483647;
			files = (
			);
			runOnlyForDeploymentPostprocessing = 0;
		};
/* End PBXResourcesBuildPhase section */

/* Begin PBXSourcesBuildPhase section */
		B4A2F2F9265BF89600542B8A /* Sources */ = {
			isa = PBXSourcesBuildPhase;
			buildActionMask = 2147483647;
			files = (
				B4ADE771265C1166009B11EA /* checkoutPizza.swift in Sources */,
				B4A2F305265BF89600542B8A /* ViewController.swift in Sources */,
				B4A2F301265BF89600542B8A /* AppDelegate.swift in Sources */,
				B4ADE769265C038C009B11EA /* listaPizza.swift in Sources */,
				B4A2F303265BF89600542B8A /* SceneDelegate.swift in Sources */,
				B4BC55DA265C523E0035DB13 /* pizzaCell.swift in Sources */,
				B4ADE76F265C0BA3009B11EA /* pizzaSelecionada.swift in Sources */,
			);
			runOnlyForDeploymentPostprocessing = 0;
		};
		B4A2F30F265BF89900542B8A /* Sources */ = {
			isa = PBXSourcesBuildPhase;
			buildActionMask = 2147483647;
			files = (
				B4A2F318265BF89900542B8A /* MyPizzariaAppTests.swift in Sources */,
			);
			runOnlyForDeploymentPostprocessing = 0;
		};
		B4A2F31A265BF89900542B8A /* Sources */ = {
			isa = PBXSourcesBuildPhase;
			buildActionMask = 2147483647;
			files = (
				B4A2F323265BF89A00542B8A /* MyPizzariaAppUITests.swift in Sources */,
			);
			runOnlyForDeploymentPostprocessing = 0;
		};
/* End PBXSourcesBuildPhase section */

/* Begin PBXTargetDependency section */
		B4A2F315265BF89900542B8A /* PBXTargetDependency */ = {
			isa = PBXTargetDependency;
			target = B4A2F2FC265BF89600542B8A /* MyPizzariaApp */;
			targetProxy = B4A2F314265BF89900542B8A /* PBXContainerItemProxy */;
		};
		B4A2F320265BF89A00542B8A /* PBXTargetDependency */ = {
			isa = PBXTargetDependency;
			target = B4A2F2FC265BF89600542B8A /* MyPizzariaApp */;
			targetProxy = B4A2F31F265BF89A00542B8A /* PBXContainerItemProxy */;
		};
/* End PBXTargetDependency section */

/* Begin PBXVariantGroup section */
		B4A2F306265BF89600542B8A /* Main.storyboard */ = {
			isa = PBXVariantGroup;
			children = (
				B4A2F307265BF89600542B8A /* Base */,
			);
			name = Main.storyboard;
			sourceTree = "<group>";
		};
		B4A2F30B265BF89900542B8A /* LaunchScreen.storyboard */ = {
			isa = PBXVariantGroup;
			children = (
				B4A2F30C265BF89900542B8A /* Base */,
			);
			name = LaunchScreen.storyboard;
			sourceTree = "<group>";
		};
/* End PBXVariantGroup section */

/* Begin XCBuildConfiguration section */
		B4A2F325265BF89A00542B8A /* Debug */ = {
			isa = XCBuildConfiguration;
			buildSettings = {
				ALWAYS_SEARCH_USER_PATHS = NO;
				CLANG_ANALYZER_NONNULL = YES;
				CLANG_ANALYZER_NUMBER_OBJECT_CONVERSION = YES_AGGRESSIVE;
				CLANG_CXX_LANGUAGE_STANDARD = "gnu++14";
				CLANG_CXX_LIBRARY = "libc++";
				CLANG_ENABLE_MODULES = YES;
				CLANG_ENABLE_OBJC_ARC = YES;
				CLANG_ENABLE_OBJC_WEAK = YES;
				CLANG_WARN_BLOCK_CAPTURE_AUTORELEASING = YES;
				CLANG_WARN_BOOL_CONVERSION = YES;
				CLANG_WARN_COMMA = YES;
				CLANG_WARN_CONSTANT_CONVERSION = YES;
				CLANG_WARN_DEPRECATED_OBJC_IMPLEMENTATIONS = YES;
				CLANG_WARN_DIRECT_OBJC_ISA_USAGE = YES_ERROR;
				CLANG_WARN_DOCUMENTATION_COMMENTS = YES;
				CLANG_WARN_EMPTY_BODY = YES;
				CLANG_WARN_ENUM_CONVERSION = YES;
				CLANG_WARN_INFINITE_RECURSION = YES;
				CLANG_WARN_INT_CONVERSION = YES;
				CLANG_WARN_NON_LITERAL_NULL_CONVERSION = YES;
				CLANG_WARN_OBJC_IMPLICIT_RETAIN_SELF = YES;
				CLANG_WARN_OBJC_LITERAL_CONVERSION = YES;
				CLANG_WARN_OBJC_ROOT_CLASS = YES_ERROR;
				CLANG_WARN_QUOTED_INCLUDE_IN_FRAMEWORK_HEADER = YES;
				CLANG_WARN_RANGE_LOOP_ANALYSIS = YES;
				CLANG_WARN_STRICT_PROTOTYPES = YES;
				CLANG_WARN_SUSPICIOUS_MOVE = YES;
				CLANG_WARN_UNGUARDED_AVAILABILITY = YES_AGGRESSIVE;
				CLANG_WARN_UNREACHABLE_CODE = YES;
				CLANG_WARN__DUPLICATE_METHOD_MATCH = YES;
				COPY_PHASE_STRIP = NO;
				DEBUG_INFORMATION_FORMAT = dwarf;
				ENABLE_STRICT_OBJC_MSGSEND = YES;
				ENABLE_TESTABILITY = YES;
				GCC_C_LANGUAGE_STANDARD = gnu11;
				GCC_DYNAMIC_NO_PIC = NO;
				GCC_NO_COMMON_BLOCKS = YES;
				GCC_OPTIMIZATION_LEVEL = 0;
				GCC_PREPROCESSOR_DEFINITIONS = (
					"DEBUG=1",
					"$(inherited)",
				);
				GCC_WARN_64_TO_32_BIT_CONVERSION = YES;
				GCC_WARN_ABOUT_RETURN_TYPE = YES_ERROR;
				GCC_WARN_UNDECLARED_SELECTOR = YES;
				GCC_WARN_UNINITIALIZED_AUTOS = YES_AGGRESSIVE;
				GCC_WARN_UNUSED_FUNCTION = YES;
				GCC_WARN_UNUSED_VARIABLE = YES;
				IPHONEOS_DEPLOYMENT_TARGET = 14.5;
				MTL_ENABLE_DEBUG_INFO = INCLUDE_SOURCE;
				MTL_FAST_MATH = YES;
				ONLY_ACTIVE_ARCH = YES;
				SDKROOT = iphoneos;
				SWIFT_ACTIVE_COMPILATION_CONDITIONS = DEBUG;
				SWIFT_OPTIMIZATION_LEVEL = "-Onone";
			};
			name = Debug;
		};
		B4A2F326265BF89A00542B8A /* Release */ = {
			isa = XCBuildConfiguration;
			buildSettings = {
				ALWAYS_SEARCH_USER_PATHS = NO;
				CLANG_ANALYZER_NONNULL = YES;
				CLANG_ANALYZER_NUMBER_OBJECT_CONVERSION = YES_AGGRESSIVE;
				CLANG_CXX_LANGUAGE_STANDARD = "gnu++14";
				CLANG_CXX_LIBRARY = "libc++";
				CLANG_ENABLE_MODULES = YES;
				CLANG_ENABLE_OBJC_ARC = YES;
				CLANG_ENABLE_OBJC_WEAK = YES;
				CLANG_WARN_BLOCK_CAPTURE_AUTORELEASING = YES;
				CLANG_WARN_BOOL_CONVERSION = YES;
				CLANG_WARN_COMMA = YES;
				CLANG_WARN_CONSTANT_CONVERSION = YES;
				CLANG_WARN_DEPRECATED_OBJC_IMPLEMENTATIONS = YES;
				CLANG_WARN_DIRECT_OBJC_ISA_USAGE = YES_ERROR;
				CLANG_WARN_DOCUMENTATION_COMMENTS = YES;
				CLANG_WARN_EMPTY_BODY = YES;
				CLANG_WARN_ENUM_CONVERSION = YES;
				CLANG_WARN_INFINITE_RECURSION = YES;
				CLANG_WARN_INT_CONVERSION = YES;
				CLANG_WARN_NON_LITERAL_NULL_CONVERSION = YES;
				CLANG_WARN_OBJC_IMPLICIT_RETAIN_SELF = YES;
				CLANG_WARN_OBJC_LITERAL_CONVERSION = YES;
				CLANG_WARN_OBJC_ROOT_CLASS = YES_ERROR;
				CLANG_WARN_QUOTED_INCLUDE_IN_FRAMEWORK_HEADER = YES;
				CLANG_WARN_RANGE_LOOP_ANALYSIS = YES;
				CLANG_WARN_STRICT_PROTOTYPES = YES;
				CLANG_WARN_SUSPICIOUS_MOVE = YES;
				CLANG_WARN_UNGUARDED_AVAILABILITY = YES_AGGRESSIVE;
				CLANG_WARN_UNREACHABLE_CODE = YES;
				CLANG_WARN__DUPLICATE_METHOD_MATCH = YES;
				COPY_PHASE_STRIP = NO;
				DEBUG_INFORMATION_FORMAT = "dwarf-with-dsym";
				ENABLE_NS_ASSERTIONS = NO;
				ENABLE_STRICT_OBJC_MSGSEND = YES;
				GCC_C_LANGUAGE_STANDARD = gnu11;
				GCC_NO_COMMON_BLOCKS = YES;
				GCC_WARN_64_TO_32_BIT_CONVERSION = YES;
				GCC_WARN_ABOUT_RETURN_TYPE = YES_ERROR;
				GCC_WARN_UNDECLARED_SELECTOR = YES;
				GCC_WARN_UNINITIALIZED_AUTOS = YES_AGGRESSIVE;
				GCC_WARN_UNUSED_FUNCTION = YES;
				GCC_WARN_UNUSED_VARIABLE = YES;
				IPHONEOS_DEPLOYMENT_TARGET = 14.5;
				MTL_ENABLE_DEBUG_INFO = NO;
				MTL_FAST_MATH = YES;
				SDKROOT = iphoneos;
				SWIFT_COMPILATION_MODE = wholemodule;
				SWIFT_OPTIMIZATION_LEVEL = "-O";
				VALIDATE_PRODUCT = YES;
			};
			name = Release;
		};
		B4A2F328265BF89A00542B8A /* Debug */ = {
			isa = XCBuildConfiguration;
			buildSettings = {
				ASSETCATALOG_COMPILER_APPICON_NAME = AppIcon;
				ASSETCATALOG_COMPILER_GLOBAL_ACCENT_COLOR_NAME = AccentColor;
				CODE_SIGN_STYLE = Automatic;
				INFOPLIST_FILE = MyPizzariaApp/Info.plist;
				LD_RUNPATH_SEARCH_PATHS = (
					"$(inherited)",
					"@executable_path/Frameworks",
				);
				PRODUCT_BUNDLE_IDENTIFIER = ElenaDiniz.MyPizzariaApp;
				PRODUCT_NAME = "$(TARGET_NAME)";
				SWIFT_VERSION = 5.0;
				TARGETED_DEVICE_FAMILY = 1;
			};
			name = Debug;
		};
		B4A2F329265BF89A00542B8A /* Release */ = {
			isa = XCBuildConfiguration;
			buildSettings = {
				ASSETCATALOG_COMPILER_APPICON_NAME = AppIcon;
				ASSETCATALOG_COMPILER_GLOBAL_ACCENT_COLOR_NAME = AccentColor;
				CODE_SIGN_STYLE = Automatic;
				INFOPLIST_FILE = MyPizzariaApp/Info.plist;
				LD_RUNPATH_SEARCH_PATHS = (
					"$(inherited)",
					"@executable_path/Frameworks",
				);
				PRODUCT_BUNDLE_IDENTIFIER = ElenaDiniz.MyPizzariaApp;
				PRODUCT_NAME = "$(TARGET_NAME)";
				SWIFT_VERSION = 5.0;
				TARGETED_DEVICE_FAMILY = 1;
			};
			name = Release;
		};
		B4A2F32B265BF89A00542B8A /* Debug */ = {
			isa = XCBuildConfiguration;
			buildSettings = {
				ALWAYS_EMBED_SWIFT_STANDARD_LIBRARIES = YES;
				BUNDLE_LOADER = "$(TEST_HOST)";
				CODE_SIGN_STYLE = Automatic;
				INFOPLIST_FILE = MyPizzariaAppTests/Info.plist;
				IPHONEOS_DEPLOYMENT_TARGET = 14.5;
				LD_RUNPATH_SEARCH_PATHS = (
					"$(inherited)",
					"@executable_path/Frameworks",
					"@loader_path/Frameworks",
				);
				PRODUCT_BUNDLE_IDENTIFIER = ElenaDiniz.MyPizzariaAppTests;
				PRODUCT_NAME = "$(TARGET_NAME)";
				SWIFT_VERSION = 5.0;
				TARGETED_DEVICE_FAMILY = "1,2";
				TEST_HOST = "$(BUILT_PRODUCTS_DIR)/MyPizzariaApp.app/MyPizzariaApp";
			};
			name = Debug;
		};
		B4A2F32C265BF89A00542B8A /* Release */ = {
			isa = XCBuildConfiguration;
			buildSettings = {
				ALWAYS_EMBED_SWIFT_STANDARD_LIBRARIES = YES;
				BUNDLE_LOADER = "$(TEST_HOST)";
				CODE_SIGN_STYLE = Automatic;
				INFOPLIST_FILE = MyPizzariaAppTests/Info.plist;
				IPHONEOS_DEPLOYMENT_TARGET = 14.5;
				LD_RUNPATH_SEARCH_PATHS = (
					"$(inherited)",
					"@executable_path/Frameworks",
					"@loader_path/Frameworks",
				);
				PRODUCT_BUNDLE_IDENTIFIER = ElenaDiniz.MyPizzariaAppTests;
				PRODUCT_NAME = "$(TARGET_NAME)";
				SWIFT_VERSION = 5.0;
				TARGETED_DEVICE_FAMILY = "1,2";
				TEST_HOST = "$(BUILT_PRODUCTS_DIR)/MyPizzariaApp.app/MyPizzariaApp";
			};
			name = Release;
		};
		B4A2F32E265BF89A00542B8A /* Debug */ = {
			isa = XCBuildConfiguration;
			buildSettings = {
				ALWAYS_EMBED_SWIFT_STANDARD_LIBRARIES = YES;
				CODE_SIGN_STYLE = Automatic;
				INFOPLIST_FILE = MyPizzariaAppUITests/Info.plist;
				LD_RUNPATH_SEARCH_PATHS = (
					"$(inherited)",
					"@executable_path/Frameworks",
					"@loader_path/Frameworks",
				);
				PRODUCT_BUNDLE_IDENTIFIER = ElenaDiniz.MyPizzariaAppUITests;
				PRODUCT_NAME = "$(TARGET_NAME)";
				SWIFT_VERSION = 5.0;
				TARGETED_DEVICE_FAMILY = "1,2";
				TEST_TARGET_NAME = MyPizzariaApp;
			};
			name = Debug;
		};
		B4A2F32F265BF89A00542B8A /* Release */ = {
			isa = XCBuildConfiguration;
			buildSettings = {
				ALWAYS_EMBED_SWIFT_STANDARD_LIBRARIES = YES;
				CODE_SIGN_STYLE = Automatic;
				INFOPLIST_FILE = MyPizzariaAppUITests/Info.plist;
				LD_RUNPATH_SEARCH_PATHS = (
					"$(inherited)",
					"@executable_path/Frameworks",
					"@loader_path/Frameworks",
				);
				PRODUCT_BUNDLE_IDENTIFIER = ElenaDiniz.MyPizzariaAppUITests;
				PRODUCT_NAME = "$(TARGET_NAME)";
				SWIFT_VERSION = 5.0;
				TARGETED_DEVICE_FAMILY = "1,2";
				TEST_TARGET_NAME = MyPizzariaApp;
			};
			name = Release;
		};
/* End XCBuildConfiguration section */

/* Begin XCConfigurationList section */
		B4A2F2F8265BF89600542B8A /* Build configuration list for PBXProject "MyPizzariaApp" */ = {
			isa = XCConfigurationList;
			buildConfigurations = (
				B4A2F325265BF89A00542B8A /* Debug */,
				B4A2F326265BF89A00542B8A /* Release */,
			);
			defaultConfigurationIsVisible = 0;
			defaultConfigurationName = Release;
		};
		B4A2F327265BF89A00542B8A /* Build configuration list for PBXNativeTarget "MyPizzariaApp" */ = {
			isa = XCConfigurationList;
			buildConfigurations = (
				B4A2F328265BF89A00542B8A /* Debug */,
				B4A2F329265BF89A00542B8A /* Release */,
			);
			defaultConfigurationIsVisible = 0;
			defaultConfigurationName = Release;
		};
		B4A2F32A265BF89A00542B8A /* Build configuration list for PBXNativeTarget "MyPizzariaAppTests" */ = {
			isa = XCConfigurationList;
			buildConfigurations = (
				B4A2F32B265BF89A00542B8A /* Debug */,
				B4A2F32C265BF89A00542B8A /* Release */,
			);
			defaultConfigurationIsVisible = 0;
			defaultConfigurationName = Release;
		};
		B4A2F32D265BF89A00542B8A /* Build configuration list for PBXNativeTarget "MyPizzariaAppUITests" */ = {
			isa = XCConfigurationList;
			buildConfigurations = (
				B4A2F32E265BF89A00542B8A /* Debug */,
				B4A2F32F265BF89A00542B8A /* Release */,
			);
			defaultConfigurationIsVisible = 0;
			defaultConfigurationName = Release;
		};
/* End XCConfigurationList section */
	};
	rootObject = B4A2F2F5265BF89600542B8A /* Project object */;
}
